
Microsoft Visual Studio Solution File, Format Version 12.00
# Visual Studio Version 17
VisualStudioVersion = 17.3.32922.545
MinimumVisualStudioVersion = 10.0.40219.1
Project("{9A19103F-16F7-4668-BE54-9A1E7A4F7556}") = "Packet", "Packet\Packet.csproj", "{6578DFA4-F267-4B9D-9863-449787F6DCFF}"
EndProject
Project("{9A19103F-16F7-4668-BE54-9A1E7A4F7556}") = "Server", "Server\Server.csproj", "{95D743EC-944C-4483-9414-6759E7500CF2}"
EndProject
Project("{9A19103F-16F7-4668-BE54-9A1E7A4F7556}") = "UI_AppChat", "UI_AppChat\UI_AppChat.csproj", "{F4A083AD-607A-4370-8088-D2A26622BAE8}"
EndProject
Global
	GlobalSection(SolutionConfigurationPlatforms) = preSolution
		Debug|Any CPU = Debug|Any CPU
		Release|Any CPU = Release|Any CPU
	EndGlobalSection
	GlobalSection(ProjectConfigurationPlatforms) = postSolution
		{6578DFA4-F267-4B9D-9863-449787F6DCFF}.Debug|Any CPU.ActiveCfg = Debug|Any CPU
		{6578DFA4-F267-4B9D-9863-449787F6DCFF}.Debug|Any CPU.Build.0 = Debug|Any CPU
		{6578DFA4-F267-4B9D-9863-449787F6DCFF}.Release|Any CPU.ActiveCfg = Release|Any CPU
		{6578DFA4-F267-4B9D-9863-449787F6DCFF}.Release|Any CPU.Build.0 = Release|Any CPU
		{95D743EC-944C-4483-9414-6759E7500CF2}.Debug|Any CPU.ActiveCfg = Debug|Any CPU
		{95D743EC-944C-4483-9414-6759E7500CF2}.Debug|Any CPU.Build.0 = Debug|Any CPU
		{95D743EC-944C-4483-9414-6759E7500CF2}.Release|Any CPU.ActiveCfg = Release|Any CPU
		{95D743EC-944C-4483-9414-6759E7500CF2}.Release|Any CPU.Build.0 = Release|Any CPU
		{F4A083AD-607A-4370-8088-D2A26622BAE8}.Debug|Any CPU.ActiveCfg = Debug|Any CPU
		{F4A083AD-607A-4370-8088-D2A26622BAE8}.Debug|Any CPU.Build.0 = Debug|Any CPU
		{F4A083AD-607A-4370-8088-D2A26622BAE8}.Release|Any CPU.ActiveCfg = Release|Any CPU
		{F4A083AD-607A-4370-8088-D2A26622BAE8}.Release|Any CPU.Build.0 = Release|Any CPU
	EndGlobalSection
	GlobalSection(SolutionProperties) = preSolution
		HideSolutionNode = FALSE
	EndGlobalSection
	GlobalSection(ExtensibilityGlobals) = postSolution
		SolutionGuid = {4B03A46A-E4A4-4DF9-8D44-646878FF255D}
	EndGlobalSection
EndGlobal
